# THIS IS AN AUTOGENERATED FILE. DO NOT EDIT THIS FILE DIRECTLY.
# yarn lockfile v1


"@turf/bearing@^5.1.5":
  version "5.1.5"
  resolved "https://registry.yarnpkg.com/@turf/bearing/-/bearing-5.1.5.tgz#7a0b790136c4ef4797f0246305d45cbe2d27b3f7"
  integrity sha1-egt5ATbE70eX8CRjBdRcvi0ns/c=
  dependencies:
    "@turf/helpers" "^5.1.5"
    "@turf/invariant" "^5.1.5"

"@turf/boolean-overlap@^5.1.5":
  version "5.1.5"
  resolved "https://registry.yarnpkg.com/@turf/boolean-overlap/-/boolean-overlap-5.1.5.tgz#0d4e64c52c770a28e93d9efcdf8a8b8373acce75"
  integrity sha1-DU5kxSx3CijpPZ7834qLg3OsznU=
  dependencies:
    "@turf/helpers" "^5.1.5"
    "@turf/invariant" "^5.1.5"
    "@turf/line-intersect" "^5.1.5"
    "@turf/line-overlap" "^5.1.5"
    "@turf/meta" "^5.1.5"
    geojson-equality "0.1.6"

"@turf/boolean-point-on-line@^5.1.5":
  version "5.1.5"
  resolved "https://registry.yarnpkg.com/@turf/boolean-point-on-line/-/boolean-point-on-line-5.1.5.tgz#f633c5ff802ad24bb8f158dadbaf6ff4a023dd7b"
  integrity sha1-9jPF/4Aq0ku48Vja269v9KAj3Xs=
  dependencies:
    "@turf/helpers" "^5.1.5"
    "@turf/invariant" "^5.1.5"

"@turf/clone@^5.1.5":
  version "5.1.5"
  resolved "https://registry.yarnpkg.com/@turf/clone/-/clone-5.1.5.tgz#253e8d35477181976e33adfab50a0f02a7f0e367"
  integrity sha1-JT6NNUdxgZduM636tQoPAqfw42c=
  dependencies:
    "@turf/helpers" "^5.1.5"

"@turf/destination@^5.1.5":
  version "5.1.5"
  resolved "https://registry.yarnpkg.com/@turf/destination/-/destination-5.1.5.tgz#ed35381bdce83bbddcbd07a2e2bce2bddffbcc26"
  integrity sha1-7TU4G9zoO73cvQei4rzivd/7zCY=
  dependencies:
    "@turf/helpers" "^5.1.5"
    "@turf/invariant" "^5.1.5"

"@turf/dissolve@^5.1.5":
  version "5.1.5"
  resolved "https://registry.yarnpkg.com/@turf/dissolve/-/dissolve-5.1.5.tgz#2cf133a9021d2163831c3d7a958d6507f9d81938"
  integrity sha1-LPEzqQIdIWODHD16lY1lB/nYGTg=
  dependencies:
    "@turf/boolean-overlap" "^5.1.5"
    "@turf/clone" "^5.1.5"
    "@turf/helpers" "^5.1.5"
    "@turf/invariant" "^5.1.5"
    "@turf/line-intersect" "^5.1.5"
    "@turf/meta" "^5.1.5"
    "@turf/union" "^5.1.5"
    geojson-rbush "2.1.0"
    get-closest "*"

"@turf/distance@^5.1.5":
  version "5.1.5"
  resolved "https://registry.yarnpkg.com/@turf/distance/-/distance-5.1.5.tgz#39cf18204bbf87587d707e609a60118909156409"
  integrity sha1-Oc8YIEu/h1h9cH5gmmARiQkVZAk=
  dependencies:
    "@turf/helpers" "^5.1.5"
    "@turf/invariant" "^5.1.5"

"@turf/helpers@*", "@turf/helpers@6.x", "@turf/helpers@^6.1.4":
  version "6.1.4"
  resolved "https://registry.yarnpkg.com/@turf/helpers/-/helpers-6.1.4.tgz#d6fd7ebe6782dd9c87dca5559bda5c48ae4c3836"
  integrity sha512-vJvrdOZy1ngC7r3MDA7zIGSoIgyrkWcGnNIEaqn/APmw+bVLF2gAW7HIsdTxd12s5wQMqEpqIQrmrbRRZ0xC7g==

"@turf/helpers@^5.1.5":
  version "5.1.5"
  resolved "https://registry.yarnpkg.com/@turf/helpers/-/helpers-5.1.5.tgz#153405227ab933d004a5bb9641a9ed999fcbe0cf"
  integrity sha1-FTQFInq5M9AEpbuWQantmZ/L4M8=

"@turf/invariant@^5.1.5":
  version "5.2.0"
  resolved "https://registry.yarnpkg.com/@turf/invariant/-/invariant-5.2.0.tgz#f0150ff7290b38577b73d088b7932c1ee0aa90a7"
  integrity sha1-8BUP9ykLOFd7c9CIt5MsHuCqkKc=
  dependencies:
    "@turf/helpers" "^5.1.5"

"@turf/line-intersect@^5.1.5":
  version "5.1.5"
  resolved "https://registry.yarnpkg.com/@turf/line-intersect/-/line-intersect-5.1.5.tgz#0e29071ae403295e491723bc49f5cfac8d11ddf3"
  integrity sha1-DikHGuQDKV5JFyO8SfXPrI0R3fM=
  dependencies:
    "@turf/helpers" "^5.1.5"
    "@turf/invariant" "^5.1.5"
    "@turf/line-segment" "^5.1.5"
    "@turf/meta" "^5.1.5"
    geojson-rbush "2.1.0"

"@turf/line-overlap@^5.1.5":
  version "5.1.5"
  resolved "https://registry.yarnpkg.com/@turf/line-overlap/-/line-overlap-5.1.5.tgz#943c6f87a0386dc43dfac11d2b3ff9c112cd3f60"
  integrity sha1-lDxvh6A4bcQ9+sEdKz/5wRLNP2A=
  dependencies:
    "@turf/boolean-point-on-line" "^5.1.5"
    "@turf/helpers" "^5.1.5"
    "@turf/invariant" "^5.1.5"
    "@turf/line-segment" "^5.1.5"
    "@turf/meta" "^5.1.5"
    "@turf/nearest-point-on-line" "^5.1.5"
    geojson-rbush "2.1.0"

"@turf/line-segment@^5.1.5":
  version "5.1.5"
  resolved "https://registry.yarnpkg.com/@turf/line-segment/-/line-segment-5.1.5.tgz#3207aaee546ab24c3d8dc3cc63f91c770b8013e5"
  integrity sha1-Mgeq7lRqskw9jcPMY/kcdwuAE+U=
  dependencies:
    "@turf/helpers" "^5.1.5"
    "@turf/invariant" "^5.1.5"
    "@turf/meta" "^5.1.5"

"@turf/meta@*":
  version "6.0.2"
  resolved "https://registry.yarnpkg.com/@turf/meta/-/meta-6.0.2.tgz#eb92951126d24a613ac1b7b99d733fcc20fd30cf"
  integrity sha512-VA7HJkx7qF1l3+GNGkDVn2oXy4+QoLP6LktXAaZKjuT1JI0YESat7quUkbCMy4zP9lAUuvS4YMslLyTtr919FA==
  dependencies:
    "@turf/helpers" "6.x"

"@turf/meta@^5.1.5":
  version "5.2.0"
  resolved "https://registry.yarnpkg.com/@turf/meta/-/meta-5.2.0.tgz#3b1ad485ee0c3b0b1775132a32c384d53e4ba53d"
  integrity sha1-OxrUhe4MOwsXdRMqMsOE1T5LpT0=
  dependencies:
    "@turf/helpers" "^5.1.5"

"@turf/nearest-point-on-line@^5.1.5":
  version "5.1.5"
  resolved "https://registry.yarnpkg.com/@turf/nearest-point-on-line/-/nearest-point-on-line-5.1.5.tgz#5606ae297f15947524bea51a2a9ef51ec1bf9c36"
  integrity sha1-VgauKX8VlHUkvqUaKp71HsG/nDY=
  dependencies:
    "@turf/bearing" "^5.1.5"
    "@turf/destination" "^5.1.5"
    "@turf/distance" "^5.1.5"
    "@turf/helpers" "^5.1.5"
    "@turf/invariant" "^5.1.5"
    "@turf/line-intersect" "^5.1.5"
    "@turf/meta" "^5.1.5"

"@turf/union@^5.1.5":
  version "5.1.5"
  resolved "https://registry.yarnpkg.com/@turf/union/-/union-5.1.5.tgz#53285b6094047fc58d96aac0ea90865ec34d454b"
  integrity sha1-UyhbYJQEf8WNlqrA6pCGXsNNRUs=
  dependencies:
    "@turf/helpers" "^5.1.5"
    turf-jsts "*"

deep-equal@^1.0.0:
  version "1.1.1"
  resolved "https://registry.yarnpkg.com/deep-equal/-/deep-equal-1.1.1.tgz#b5c98c942ceffaf7cb051e24e1434a25a2e6076a"
  integrity sha512-yd9c5AdiqVcR+JjcwUQb9DkhJc8ngNr0MahEBGvDiJw8puWab2yZlh+nkasOnZP+EGTAP6rRp2JzJhJZzvNF8g==
  dependencies:
    is-arguments "^1.0.4"
    is-date-object "^1.0.1"
    is-regex "^1.0.4"
    object-is "^1.0.1"
    object-keys "^1.1.1"
    regexp.prototype.flags "^1.2.0"

define-properties@^1.1.2, define-properties@^1.1.3:
  version "1.1.3"
  resolved "https://registry.yarnpkg.com/define-properties/-/define-properties-1.1.3.tgz#cf88da6cbee26fe6db7094f61d870cbd84cee9f1"
  integrity sha512-3MqfYKj2lLzdMSf8ZIZE/V+Zuy+BgD6f164e8K2w7dgnpKArBDerGYpM46IYYcjnkdPNMjPk9A6VFB8+3SKlXQ==
  dependencies:
    object-keys "^1.0.12"

es-abstract@^1.17.0-next.1:
  version "1.17.4"
  resolved "https://registry.yarnpkg.com/es-abstract/-/es-abstract-1.17.4.tgz#e3aedf19706b20e7c2594c35fc0d57605a79e184"
  integrity sha512-Ae3um/gb8F0mui/jPL+QiqmglkUsaQf7FwBEHYIFkztkneosu9imhqHpBzQ3h1vit8t5iQ74t6PEVvphBZiuiQ==
  dependencies:
    es-to-primitive "^1.2.1"
    function-bind "^1.1.1"
    has "^1.0.3"
    has-symbols "^1.0.1"
    is-callable "^1.1.5"
    is-regex "^1.0.5"
    object-inspect "^1.7.0"
    object-keys "^1.1.1"
    object.assign "^4.1.0"
    string.prototype.trimleft "^2.1.1"
    string.prototype.trimright "^2.1.1"

es-to-primitive@^1.2.1:
  version "1.2.1"
  resolved "https://registry.yarnpkg.com/es-to-primitive/-/es-to-primitive-1.2.1.tgz#e55cd4c9cdc188bcefb03b366c736323fc5c898a"
  integrity sha512-QCOllgZJtaUo9miYBcLChTUaHNjJF3PYs1VidD7AwiEj1kYxKeQTctLAezAOH5ZKRH0g2IgPn6KwB4IT8iRpvA==
  dependencies:
    is-callable "^1.1.4"
    is-date-object "^1.0.1"
    is-symbol "^1.0.2"

function-bind@^1.1.1:
  version "1.1.1"
  resolved "https://registry.yarnpkg.com/function-bind/-/function-bind-1.1.1.tgz#a56899d3ea3c9bab874bb9773b7c5ede92f4895d"
  integrity sha512-yIovAzMX49sF8Yl58fSCWJ5svSLuaibPxXQJFLmBObTuCr0Mf1KiPopGM9NiFjiYBCbfaa2Fh6breQ6ANVTI0A==

geojson-equality@0.1.6:
  version "0.1.6"
  resolved "https://registry.yarnpkg.com/geojson-equality/-/geojson-equality-0.1.6.tgz#a171374ef043e5d4797995840bae4648e0752d72"
  integrity sha1-oXE3TvBD5dR5eZWEC65GSOB1LXI=
  dependencies:
    deep-equal "^1.0.0"

geojson-rbush@2.1.0:
  version "2.1.0"
  resolved "https://registry.yarnpkg.com/geojson-rbush/-/geojson-rbush-2.1.0.tgz#3bd73be391fc10b0ae693d9b8acea2aae0b83a8d"
  integrity sha1-O9c745H8ELCuaT2bis6iquC4Oo0=
  dependencies:
    "@turf/helpers" "*"
    "@turf/meta" "*"
    rbush "*"

get-closest@*:
  version "0.0.4"
  resolved "https://registry.yarnpkg.com/get-closest/-/get-closest-0.0.4.tgz#269ac776d1e6022aa0fd586dd708e8a7d32269af"
  integrity sha1-JprHdtHmAiqg/Vht1wjop9Miaa8=

has-symbols@^1.0.0, has-symbols@^1.0.1:
  version "1.0.1"
  resolved "https://registry.yarnpkg.com/has-symbols/-/has-symbols-1.0.1.tgz#9f5214758a44196c406d9bd76cebf81ec2dd31e8"
  integrity sha512-PLcsoqu++dmEIZB+6totNFKq/7Do+Z0u4oT0zKOJNl3lYK6vGwwu2hjHs+68OEZbTjiUE9bgOABXbP/GvrS0Kg==

has@^1.0.3:
  version "1.0.3"
  resolved "https://registry.yarnpkg.com/has/-/has-1.0.3.tgz#722d7cbfc1f6aa8241f16dd814e011e1f41e8796"
  integrity sha512-f2dvO0VU6Oej7RkWJGrehjbzMAjFp5/VKPp5tTpWIV4JHHZK1/BxbFRtf/siA2SWTe09caDmVtYYzWEIbBS4zw==
  dependencies:
    function-bind "^1.1.1"

is-arguments@^1.0.4:
  version "1.0.4"
  resolved "https://registry.yarnpkg.com/is-arguments/-/is-arguments-1.0.4.tgz#3faf966c7cba0ff437fb31f6250082fcf0448cf3"
  integrity sha512-xPh0Rmt8NE65sNzvyUmWgI1tz3mKq74lGA0mL8LYZcoIzKOzDh6HmrYm3d18k60nHerC8A9Km8kYu87zfSFnLA==

is-callable@^1.1.4, is-callable@^1.1.5:
  version "1.1.5"
  resolved "https://registry.yarnpkg.com/is-callable/-/is-callable-1.1.5.tgz#f7e46b596890456db74e7f6e976cb3273d06faab"
  integrity sha512-ESKv5sMCJB2jnHTWZ3O5itG+O128Hsus4K4Qh1h2/cgn2vbgnLSVqfV46AeJA9D5EeeLa9w81KUXMtn34zhX+Q==

is-date-object@^1.0.1:
  version "1.0.2"
  resolved "https://registry.yarnpkg.com/is-date-object/-/is-date-object-1.0.2.tgz#bda736f2cd8fd06d32844e7743bfa7494c3bfd7e"
  integrity sha512-USlDT524woQ08aoZFzh3/Z6ch9Y/EWXEHQ/AaRN0SkKq4t2Jw2R2339tSXmwuVoY7LLlBCbOIlx2myP/L5zk0g==

is-regex@^1.0.4, is-regex@^1.0.5:
  version "1.0.5"
  resolved "https://registry.yarnpkg.com/is-regex/-/is-regex-1.0.5.tgz#39d589a358bf18967f726967120b8fc1aed74eae"
  integrity sha512-vlKW17SNq44owv5AQR3Cq0bQPEb8+kF3UKZ2fiZNOWtztYE5i0CzCZxFDwO58qAOWtxdBRVO/V5Qin1wjCqFYQ==
  dependencies:
    has "^1.0.3"

is-symbol@^1.0.2:
  version "1.0.3"
  resolved "https://registry.yarnpkg.com/is-symbol/-/is-symbol-1.0.3.tgz#38e1014b9e6329be0de9d24a414fd7441ec61937"
  integrity sha512-OwijhaRSgqvhm/0ZdAcXNZt9lYdKFpcRDT5ULUuYXPoT794UNOdU+gpT6Rzo7b4V2HUl/op6GqY894AZwv9faQ==
  dependencies:
    has-symbols "^1.0.1"

object-inspect@^1.7.0:
  version "1.7.0"
  resolved "https://registry.yarnpkg.com/object-inspect/-/object-inspect-1.7.0.tgz#f4f6bd181ad77f006b5ece60bd0b6f398ff74a67"
  integrity sha512-a7pEHdh1xKIAgTySUGgLMx/xwDZskN1Ud6egYYN3EdRW4ZMPNEDUTF+hwy2LUC+Bl+SyLXANnwz/jyh/qutKUw==

object-is@^1.0.1:
  version "1.0.2"
  resolved "https://registry.yarnpkg.com/object-is/-/object-is-1.0.2.tgz#6b80eb84fe451498f65007982f035a5b445edec4"
  integrity sha512-Epah+btZd5wrrfjkJZq1AOB9O6OxUQto45hzFd7lXGrpHPGE0W1k+426yrZV+k6NJOzLNNW/nVsmZdIWsAqoOQ==

object-keys@^1.0.11, object-keys@^1.0.12, object-keys@^1.1.1:
  version "1.1.1"
  resolved "https://registry.yarnpkg.com/object-keys/-/object-keys-1.1.1.tgz#1c47f272df277f3b1daf061677d9c82e2322c60e"
  integrity sha512-NuAESUOUMrlIXOfHKzD6bpPu3tYt3xvjNdRIQ+FeT0lNb4K8WR70CaDxhuNguS2XG+GjkyMwOzsN5ZktImfhLA==

object.assign@^4.1.0:
  version "4.1.0"
  resolved "https://registry.yarnpkg.com/object.assign/-/object.assign-4.1.0.tgz#968bf1100d7956bb3ca086f006f846b3bc4008da"
  integrity sha512-exHJeq6kBKj58mqGyTQ9DFvrZC/eR6OwxzoM9YRoGBqrXYonaFyGiFMuc9VZrXf7DarreEwMpurG3dd+CNyW5w==
  dependencies:
    define-properties "^1.1.2"
    function-bind "^1.1.1"
    has-symbols "^1.0.0"
    object-keys "^1.0.11"

pretty-bytes@^5.3.0:
  version "5.3.0"
  resolved "https://registry.yarnpkg.com/pretty-bytes/-/pretty-bytes-5.3.0.tgz#f2849e27db79fb4d6cfe24764fc4134f165989f2"
  integrity sha512-hjGrh+P926p4R4WbaB6OckyRtO0F0/lQBiT+0gnxjV+5kjPBrfVBFCsCLbMqVQeydvIoouYTCmmEURiH3R1Bdg==

quickselect@^2.0.0:
  version "2.0.0"
  resolved "https://registry.yarnpkg.com/quickselect/-/quickselect-2.0.0.tgz#f19680a486a5eefb581303e023e98faaf25dd018"
  integrity sha512-RKJ22hX8mHe3Y6wH/N3wCM6BWtjaxIyyUIkpHOvfFnxdI4yD4tBXEBKSbriGujF6jnSVkJrffuo6vxACiSSxIw==

rbush@*:
  version "3.0.1"
  resolved "https://registry.yarnpkg.com/rbush/-/rbush-3.0.1.tgz#5fafa8a79b3b9afdfe5008403a720cc1de882ecf"
  integrity sha512-XRaVO0YecOpEuIvbhbpTrZgoiI6xBlz6hnlr6EHhd+0x9ase6EmeN+hdwwUaJvLcsFFQ8iWVF1GAK1yB0BWi0w==
  dependencies:
    quickselect "^2.0.0"

regexp.prototype.flags@^1.2.0:
  version "1.3.0"
  resolved "https://registry.yarnpkg.com/regexp.prototype.flags/-/regexp.prototype.flags-1.3.0.tgz#7aba89b3c13a64509dabcf3ca8d9fbb9bdf5cb75"
  integrity sha512-2+Q0C5g951OlYlJz6yu5/M33IcsESLlLfsyIaLJaG4FA2r4yP8MvVMJUUP/fVBkSpbbbZlS5gynbEWLipiiXiQ==
  dependencies:
    define-properties "^1.1.3"
    es-abstract "^1.17.0-next.1"

string.prototype.trimleft@^2.1.1:
  version "2.1.1"
  resolved "https://registry.yarnpkg.com/string.prototype.trimleft/-/string.prototype.trimleft-2.1.1.tgz#9bdb8ac6abd6d602b17a4ed321870d2f8dcefc74"
  integrity sha512-iu2AGd3PuP5Rp7x2kEZCrB2Nf41ehzh+goo8TV7z8/XDBbsvc6HQIlUl9RjkZ4oyrW1XM5UwlGl1oVEaDjg6Ag==
  dependencies:
    define-properties "^1.1.3"
    function-bind "^1.1.1"

string.prototype.trimright@^2.1.1:
  version "2.1.1"
  resolved "https://registry.yarnpkg.com/string.prototype.trimright/-/string.prototype.trimright-2.1.1.tgz#440314b15996c866ce8a0341894d45186200c5d9"
  integrity sha512-qFvWL3/+QIgZXVmJBfpHmxLB7xsUXz6HsUmP8+5dRaC3Q7oKUv9Vo6aMCRZC1smrtyECFsIT30PqBJ1gTjAs+g==
  dependencies:
    define-properties "^1.1.3"
    function-bind "^1.1.1"

turf-jsts@*:
  version "1.2.3"
  resolved "https://registry.yarnpkg.com/turf-jsts/-/turf-jsts-1.2.3.tgz#59757f542afbff9a577bbf411f183b8f48d38aa4"
  integrity sha512-Ja03QIJlPuHt4IQ2FfGex4F4JAr8m3jpaHbFbQrgwr7s7L6U8ocrHiF3J1+wf9jzhGKxvDeaCAnGDot8OjGFyA==
