# THIS IS AN AUTOGENERATED FILE. DO NOT EDIT THIS FILE DIRECTLY.
# yarn lockfile v1


"@turf/bearing@^5.1.5":
  version "5.1.5"
  resolved "https://registry.yarnpkg.com/@turf/bearing/-/bearing-5.1.5.tgz#7a0b790136c4ef4797f0246305d45cbe2d27b3f7"
  integrity sha1-egt5ATbE70eX8CRjBdRcvi0ns/c=
  dependencies:
    "@turf/helpers" "^5.1.5"
    "@turf/invariant" "^5.1.5"

"@turf/boolean-overlap@^5.1.5":
  version "5.1.5"
  resolved "https://registry.yarnpkg.com/@turf/boolean-overlap/-/boolean-overlap-5.1.5.tgz#0d4e64c52c770a28e93d9efcdf8a8b8373acce75"
  integrity sha1-DU5kxSx3CijpPZ7834qLg3OsznU=
  dependencies:
    "@turf/helpers" "^5.1.5"
    "@turf/invariant" "^5.1.5"
    "@turf/line-intersect" "^5.1.5"
    "@turf/line-overlap" "^5.1.5"
    "@turf/meta" "^5.1.5"
    geojson-equality "0.1.6"

"@turf/boolean-point-on-line@^5.1.5":
  version "5.1.5"
  resolved "https://registry.yarnpkg.com/@turf/boolean-point-on-line/-/boolean-point-on-line-5.1.5.tgz#f633c5ff802ad24bb8f158dadbaf6ff4a023dd7b"
  integrity sha1-9jPF/4Aq0ku48Vja269v9KAj3Xs=
  dependencies:
    "@turf/helpers" "^5.1.5"
    "@turf/invariant" "^5.1.5"

"@turf/clone@^5.1.5":
  version "5.1.5"
  resolved "https://registry.yarnpkg.com/@turf/clone/-/clone-5.1.5.tgz#253e8d35477181976e33adfab50a0f02a7f0e367"
  integrity sha1-JT6NNUdxgZduM636tQoPAqfw42c=
  dependencies:
    "@turf/helpers" "^5.1.5"

"@turf/destination@^5.1.5":
  version "5.1.5"
  resolved "https://registry.yarnpkg.com/@turf/destination/-/destination-5.1.5.tgz#ed35381bdce83bbddcbd07a2e2bce2bddffbcc26"
  integrity sha1-7TU4G9zoO73cvQei4rzivd/7zCY=
  dependencies:
    "@turf/helpers" "^5.1.5"
    "@turf/invariant" "^5.1.5"

"@turf/dissolve@^5.1.5":
  version "5.1.5"
  resolved "https://registry.yarnpkg.com/@turf/dissolve/-/dissolve-5.1.5.tgz#2cf133a9021d2163831c3d7a958d6507f9d81938"
  integrity sha1-LPEzqQIdIWODHD16lY1lB/nYGTg=
  dependencies:
    "@turf/boolean-overlap" "^5.1.5"
    "@turf/clone" "^5.1.5"
    "@turf/helpers" "^5.1.5"
    "@turf/invariant" "^5.1.5"
    "@turf/line-intersect" "^5.1.5"
    "@turf/meta" "^5.1.5"
    "@turf/union" "^5.1.5"
    geojson-rbush "2.1.0"
    get-closest "*"

"@turf/distance@^5.1.5":
  version "5.1.5"
  resolved "https://registry.yarnpkg.com/@turf/distance/-/distance-5.1.5.tgz#39cf18204bbf87587d707e609a60118909156409"
  integrity sha1-Oc8YIEu/h1h9cH5gmmARiQkVZAk=
  dependencies:
    "@turf/helpers" "^5.1.5"
    "@turf/invariant" "^5.1.5"

"@turf/helpers@*", "@turf/helpers@6.x", "@turf/helpers@^6.1.4":
  version "6.1.4"
  resolved "https://registry.yarnpkg.com/@turf/helpers/-/helpers-6.1.4.tgz#d6fd7ebe6782dd9c87dca5559bda5c48ae4c3836"
  integrity sha512-vJvrdOZy1ngC7r3MDA7zIGSoIgyrkWcGnNIEaqn/APmw+bVLF2gAW7HIsdTxd12s5wQMqEpqIQrmrbRRZ0xC7g==

"@turf/helpers@^5.1.5":
  version "5.1.5"
  resolved "https://registry.yarnpkg.com/@turf/helpers/-/helpers-5.1.5.tgz#153405227ab933d004a5bb9641a9ed999fcbe0cf"
  integrity sha1-FTQFInq5M9AEpbuWQantmZ/L4M8=

"@turf/invariant@^5.1.5":
  version "5.2.0"
  resolved "https://registry.yarnpkg.com/@turf/invariant/-/invariant-5.2.0.tgz#f0150ff7290b38577b73d088b7932c1ee0aa90a7"
  integrity sha1-8BUP9ykLOFd7c9CIt5MsHuCqkKc=
  dependencies:
    "@turf/helpers" "^5.1.5"

"@turf/line-intersect@^5.1.5":
  version "5.1.5"
  resolved "https://registry.yarnpkg.com/@turf/line-intersect/-/line-intersect-5.1.5.tgz#0e29071ae403295e491723bc49f5cfac8d11ddf3"
  integrity sha1-DikHGuQDKV5JFyO8SfXPrI0R3fM=
  dependencies:
    "@turf/helpers" "^5.1.5"
    "@turf/invariant" "^5.1.5"
    "@turf/line-segment" "^5.1.5"
    "@turf/meta" "^5.1.5"
    geojson-rbush "2.1.0"

"@turf/line-overlap@^5.1.5":
  version "5.1.5"
  resolved "https://registry.yarnpkg.com/@turf/line-overlap/-/line-overlap-5.1.5.tgz#943c6f87a0386dc43dfac11d2b3ff9c112cd3f60"
  integrity sha1-lDxvh6A4bcQ9+sEdKz/5wRLNP2A=
  dependencies:
    "@turf/boolean-point-on-line" "^5.1.5"
    "@turf/helpers" "^5.1.5"
    "@turf/invariant" "^5.1.5"
    "@turf/line-segment" "^5.1.5"
    "@turf/meta" "^5.1.5"
    "@turf/nearest-point-on-line" "^5.1.5"
    geojson-rbush "2.1.0"

"@turf/line-segment@^5.1.5":
  version "5.1.5"
  resolved "https://registry.yarnpkg.com/@turf/line-segment/-/line-segment-5.1.5.tgz#3207aaee546ab24c3d8dc3cc63f91c770b8013e5"
  integrity sha1-Mgeq7lRqskw9jcPMY/kcdwuAE+U=
  dependencies:
    "@turf/helpers" "^5.1.5"
    "@turf/invariant" "^5.1.5"
    "@turf/meta" "^5.1.5"

"@turf/meta@*":
  version "6.0.2"
  resolved "https://registry.yarnpkg.com/@turf/meta/-/meta-6.0.2.tgz#eb92951126d24a613ac1b7b99d733fcc20fd30cf"
  integrity sha512-VA7HJkx7qF1l3+GNGkDVn2oXy4+QoLP6LktXAaZKjuT1JI0YESat7quUkbCMy4zP9lAUuvS4YMslLyTtr919FA==
  dependencies:
    "@turf/helpers" "6.x"

"@turf/meta@^5.1.5":
  version "5.2.0"
  resolved "https://registry.yarnpkg.com/@turf/meta/-/meta-5.2.0.tgz#3b1ad485ee0c3b0b1775132a32c384d53e4ba53d"
  integrity sha1-OxrUhe4MOwsXdRMqMsOE1T5LpT0=
  dependencies:
    "@turf/helpers" "^5.1.5"

"@turf/nearest-point-on-line@^5.1.5":
  version "5.1.5"
  resolved "https://registry.yarnpkg.com/@turf/nearest-point-on-line/-/nearest-point-on-line-5.1.5.tgz#5606ae297f15947524bea51a2a9ef51ec1bf9c36"
  integrity sha1-VgauKX8VlHUkvqUaKp71HsG/nDY=
  dependencies:
    "@turf/bearing" "^5.1.5"
    "@turf/destination" "^5.1.5"
    "@turf/distance" "^5.1.5"
    "@turf/helpers" "^5.1.5"
    "@turf/invariant" "^5.1.5"
    "@turf/line-intersect" "^5.1.5"
    "@turf/meta" "^5.1.5"

"@turf/union@^5.1.5":
  version "5.1.5"
  resolved "https://registry.yarnpkg.com/@turf/union/-/union-5.1.5.tgz#53285b6094047fc58d96aac0ea90865ec34d454b"
  integrity sha1-UyhbYJQEf8WNlqrA6pCGXsNNRUs=
  dependencies:
    "@turf/helpers" "^5.1.5"
    turf-jsts "*"

deep-equal@^1.0.0:
  version "1.0.1"
  resolved "https://registry.yarnpkg.com/deep-equal/-/deep-equal-1.0.1.tgz#f5d260292b660e084eff4cdbc9f08ad3247448b5"
  integrity sha1-9dJgKStmDghO/0zbyfCK0yR0SLU=

geojson-equality@0.1.6:
  version "0.1.6"
  resolved "https://registry.yarnpkg.com/geojson-equality/-/geojson-equality-0.1.6.tgz#a171374ef043e5d4797995840bae4648e0752d72"
  integrity sha1-oXE3TvBD5dR5eZWEC65GSOB1LXI=
  dependencies:
    deep-equal "^1.0.0"

geojson-rbush@2.1.0:
  version "2.1.0"
  resolved "https://registry.yarnpkg.com/geojson-rbush/-/geojson-rbush-2.1.0.tgz#3bd73be391fc10b0ae693d9b8acea2aae0b83a8d"
  integrity sha1-O9c745H8ELCuaT2bis6iquC4Oo0=
  dependencies:
    "@turf/helpers" "*"
    "@turf/meta" "*"
    rbush "*"

get-closest@*:
  version "0.0.4"
  resolved "https://registry.yarnpkg.com/get-closest/-/get-closest-0.0.4.tgz#269ac776d1e6022aa0fd586dd708e8a7d32269af"
  integrity sha1-JprHdtHmAiqg/Vht1wjop9Miaa8=

pretty-bytes@^5.1.0:
  version "5.1.0"
  resolved "https://registry.yarnpkg.com/pretty-bytes/-/pretty-bytes-5.1.0.tgz#6237ecfbdc6525beaef4de722cc60a58ae0e6c6d"
  integrity sha512-wa5+qGVg9Yt7PB6rYm3kXlKzgzgivYTLRandezh43jjRqgyDyP+9YxfJpJiLs9yKD1WeU8/OvtToWpW7255FtA==

quickselect@^1.0.1:
  version "1.1.1"
  resolved "https://registry.yarnpkg.com/quickselect/-/quickselect-1.1.1.tgz#852e412ce418f237ad5b660d70cffac647ae94c2"
  integrity sha512-qN0Gqdw4c4KGPsBOQafj6yj/PA6c/L63f6CaZ/DCF/xF4Esu3jVmKLUDYxghFx8Kb/O7y9tI7x2RjTSXwdK1iQ==

rbush@*:
  version "2.0.2"
  resolved "https://registry.yarnpkg.com/rbush/-/rbush-2.0.2.tgz#bb6005c2731b7ba1d5a9a035772927d16a614605"
  integrity sha512-XBOuALcTm+O/H8G90b6pzu6nX6v2zCKiFG4BJho8a+bY6AER6t8uQUZdi5bomQc0AprCWhEGa7ncAbbRap0bRA==
  dependencies:
    quickselect "^1.0.1"

turf-jsts@*:
  version "1.2.3"
  resolved "https://registry.yarnpkg.com/turf-jsts/-/turf-jsts-1.2.3.tgz#59757f542afbff9a577bbf411f183b8f48d38aa4"
  integrity sha512-Ja03QIJlPuHt4IQ2FfGex4F4JAr8m3jpaHbFbQrgwr7s7L6U8ocrHiF3J1+wf9jzhGKxvDeaCAnGDot8OjGFyA==
