# THIS IS AN AUTOGENERATED FILE. DO NOT EDIT THIS FILE DIRECTLY.
# yarn lockfile v1


"@turf/bearing@^5.1.5":
  version "5.1.5"
  resolved "https://registry.yarnpkg.com/@turf/bearing/-/bearing-5.1.5.tgz#7a0b790136c4ef4797f0246305d45cbe2d27b3f7"
  dependencies:
    "@turf/helpers" "^5.1.5"
    "@turf/invariant" "^5.1.5"

"@turf/boolean-overlap@^5.1.5":
  version "5.1.5"
  resolved "https://registry.yarnpkg.com/@turf/boolean-overlap/-/boolean-overlap-5.1.5.tgz#0d4e64c52c770a28e93d9efcdf8a8b8373acce75"
  dependencies:
    "@turf/helpers" "^5.1.5"
    "@turf/invariant" "^5.1.5"
    "@turf/line-intersect" "^5.1.5"
    "@turf/line-overlap" "^5.1.5"
    "@turf/meta" "^5.1.5"
    geojson-equality "0.1.6"

"@turf/boolean-point-on-line@^5.1.5":
  version "5.1.5"
  resolved "https://registry.yarnpkg.com/@turf/boolean-point-on-line/-/boolean-point-on-line-5.1.5.tgz#f633c5ff802ad24bb8f158dadbaf6ff4a023dd7b"
  dependencies:
    "@turf/helpers" "^5.1.5"
    "@turf/invariant" "^5.1.5"

"@turf/clean-coords@^5.1.5":
  version "5.1.5"
  resolved "https://registry.yarnpkg.com/@turf/clean-coords/-/clean-coords-5.1.5.tgz#12800a98a78c9a452a72ec428493c43acf2ada1f"
  dependencies:
    "@turf/helpers" "^5.1.5"
    "@turf/invariant" "^5.1.5"

"@turf/clone@^5.1.5":
  version "5.1.5"
  resolved "https://registry.yarnpkg.com/@turf/clone/-/clone-5.1.5.tgz#253e8d35477181976e33adfab50a0f02a7f0e367"
  dependencies:
    "@turf/helpers" "^5.1.5"

"@turf/convex@^6.0.3":
  version "6.0.3"
  resolved "https://registry.yarnpkg.com/@turf/convex/-/convex-6.0.3.tgz#d7e9912b96483f1504cdd2f60b4b1bbdbf77416c"
  dependencies:
    "@turf/helpers" "6.x"
    "@turf/meta" "6.x"
    concaveman "*"

"@turf/destination@^5.1.5":
  version "5.1.5"
  resolved "https://registry.yarnpkg.com/@turf/destination/-/destination-5.1.5.tgz#ed35381bdce83bbddcbd07a2e2bce2bddffbcc26"
  dependencies:
    "@turf/helpers" "^5.1.5"
    "@turf/invariant" "^5.1.5"

"@turf/dissolve@^5.1.5":
  version "5.1.5"
  resolved "https://registry.yarnpkg.com/@turf/dissolve/-/dissolve-5.1.5.tgz#2cf133a9021d2163831c3d7a958d6507f9d81938"
  dependencies:
    "@turf/boolean-overlap" "^5.1.5"
    "@turf/clone" "^5.1.5"
    "@turf/helpers" "^5.1.5"
    "@turf/invariant" "^5.1.5"
    "@turf/line-intersect" "^5.1.5"
    "@turf/meta" "^5.1.5"
    "@turf/union" "^5.1.5"
    geojson-rbush "2.1.0"
    get-closest "*"

"@turf/distance@^5.1.5":
  version "5.1.5"
  resolved "https://registry.yarnpkg.com/@turf/distance/-/distance-5.1.5.tgz#39cf18204bbf87587d707e609a60118909156409"
  dependencies:
    "@turf/helpers" "^5.1.5"
    "@turf/invariant" "^5.1.5"

"@turf/helpers@*", "@turf/helpers@6.x", "@turf/helpers@^6.1.4":
  version "6.1.4"
  resolved "https://registry.yarnpkg.com/@turf/helpers/-/helpers-6.1.4.tgz#d6fd7ebe6782dd9c87dca5559bda5c48ae4c3836"

"@turf/helpers@^5.1.5":
  version "5.1.5"
  resolved "https://registry.yarnpkg.com/@turf/helpers/-/helpers-5.1.5.tgz#153405227ab933d004a5bb9641a9ed999fcbe0cf"

"@turf/invariant@^5.1.5":
  version "5.2.0"
  resolved "https://registry.yarnpkg.com/@turf/invariant/-/invariant-5.2.0.tgz#f0150ff7290b38577b73d088b7932c1ee0aa90a7"
  dependencies:
    "@turf/helpers" "^5.1.5"

"@turf/line-intersect@^5.1.5":
  version "5.1.5"
  resolved "https://registry.yarnpkg.com/@turf/line-intersect/-/line-intersect-5.1.5.tgz#0e29071ae403295e491723bc49f5cfac8d11ddf3"
  dependencies:
    "@turf/helpers" "^5.1.5"
    "@turf/invariant" "^5.1.5"
    "@turf/line-segment" "^5.1.5"
    "@turf/meta" "^5.1.5"
    geojson-rbush "2.1.0"

"@turf/line-overlap@^5.1.5":
  version "5.1.5"
  resolved "https://registry.yarnpkg.com/@turf/line-overlap/-/line-overlap-5.1.5.tgz#943c6f87a0386dc43dfac11d2b3ff9c112cd3f60"
  dependencies:
    "@turf/boolean-point-on-line" "^5.1.5"
    "@turf/helpers" "^5.1.5"
    "@turf/invariant" "^5.1.5"
    "@turf/line-segment" "^5.1.5"
    "@turf/meta" "^5.1.5"
    "@turf/nearest-point-on-line" "^5.1.5"
    geojson-rbush "2.1.0"

"@turf/line-segment@^5.1.5":
  version "5.1.5"
  resolved "https://registry.yarnpkg.com/@turf/line-segment/-/line-segment-5.1.5.tgz#3207aaee546ab24c3d8dc3cc63f91c770b8013e5"
  dependencies:
    "@turf/helpers" "^5.1.5"
    "@turf/invariant" "^5.1.5"
    "@turf/meta" "^5.1.5"

"@turf/meta@*", "@turf/meta@6.x":
  version "6.0.2"
  resolved "https://registry.yarnpkg.com/@turf/meta/-/meta-6.0.2.tgz#eb92951126d24a613ac1b7b99d733fcc20fd30cf"
  dependencies:
    "@turf/helpers" "6.x"

"@turf/meta@^5.1.5":
  version "5.2.0"
  resolved "https://registry.yarnpkg.com/@turf/meta/-/meta-5.2.0.tgz#3b1ad485ee0c3b0b1775132a32c384d53e4ba53d"
  dependencies:
    "@turf/helpers" "^5.1.5"

"@turf/nearest-point-on-line@^5.1.5":
  version "5.1.5"
  resolved "https://registry.yarnpkg.com/@turf/nearest-point-on-line/-/nearest-point-on-line-5.1.5.tgz#5606ae297f15947524bea51a2a9ef51ec1bf9c36"
  dependencies:
    "@turf/bearing" "^5.1.5"
    "@turf/destination" "^5.1.5"
    "@turf/distance" "^5.1.5"
    "@turf/helpers" "^5.1.5"
    "@turf/invariant" "^5.1.5"
    "@turf/line-intersect" "^5.1.5"
    "@turf/meta" "^5.1.5"

"@turf/simplify@^5.1.5":
  version "5.1.5"
  resolved "https://registry.yarnpkg.com/@turf/simplify/-/simplify-5.1.5.tgz#0ac8f27a2eb4218183edd9998c3275abe408b926"
  dependencies:
    "@turf/clean-coords" "^5.1.5"
    "@turf/clone" "^5.1.5"
    "@turf/helpers" "^5.1.5"
    "@turf/meta" "^5.1.5"

"@turf/union@^5.1.5":
  version "5.1.5"
  resolved "https://registry.yarnpkg.com/@turf/union/-/union-5.1.5.tgz#53285b6094047fc58d96aac0ea90865ec34d454b"
  dependencies:
    "@turf/helpers" "^5.1.5"
    turf-jsts "*"

aws-sdk@^2.229.1:
  version "2.256.1"
  resolved "https://registry.yarnpkg.com/aws-sdk/-/aws-sdk-2.256.1.tgz#a2b7e32a0170d9fa06f25c503b4ba92292bbe5ac"
  dependencies:
    buffer "4.9.1"
    events "1.1.1"
    ieee754 "1.1.8"
    jmespath "0.15.0"
    querystring "0.2.0"
    sax "1.2.1"
    url "0.10.3"
    uuid "3.1.0"
    xml2js "0.4.17"

base64-js@^1.0.2:
  version "1.3.0"
  resolved "https://registry.yarnpkg.com/base64-js/-/base64-js-1.3.0.tgz#cab1e6118f051095e58b5281aea8c1cd22bfc0e3"

bluebird@^3.5.1:
  version "3.5.1"
  resolved "https://registry.yarnpkg.com/bluebird/-/bluebird-3.5.1.tgz#d9551f9de98f1fcda1e683d17ee91a0602ee2eb9"

buffer@4.9.1:
  version "4.9.1"
  resolved "https://registry.yarnpkg.com/buffer/-/buffer-4.9.1.tgz#6d1bb601b07a4efced97094132093027c95bc298"
  dependencies:
    base64-js "^1.0.2"
    ieee754 "^1.1.4"
    isarray "^1.0.0"

concaveman@*:
  version "1.1.1"
  resolved "https://registry.yarnpkg.com/concaveman/-/concaveman-1.1.1.tgz#6c2482580b2523cef82fc2bec00a0415e6e68162"
  dependencies:
    monotone-convex-hull-2d "^1.0.1"
    point-in-polygon "^1.0.1"
    rbush "^2.0.1"
    robust-orientation "^1.1.3"
    tinyqueue "^1.1.0"

deep-equal@^1.0.0:
  version "1.0.1"
  resolved "https://registry.yarnpkg.com/deep-equal/-/deep-equal-1.0.1.tgz#f5d260292b660e084eff4cdbc9f08ad3247448b5"

events@1.1.1:
  version "1.1.1"
  resolved "https://registry.yarnpkg.com/events/-/events-1.1.1.tgz#9ebdb7635ad099c70dcc4c2a1f5004288e8bd924"

geojson-equality@0.1.6:
  version "0.1.6"
  resolved "https://registry.yarnpkg.com/geojson-equality/-/geojson-equality-0.1.6.tgz#a171374ef043e5d4797995840bae4648e0752d72"
  dependencies:
    deep-equal "^1.0.0"

geojson-rbush@2.1.0:
  version "2.1.0"
  resolved "https://registry.yarnpkg.com/geojson-rbush/-/geojson-rbush-2.1.0.tgz#3bd73be391fc10b0ae693d9b8acea2aae0b83a8d"
  dependencies:
    "@turf/helpers" "*"
    "@turf/meta" "*"
    rbush "*"

get-closest@*:
  version "0.0.4"
  resolved "https://registry.yarnpkg.com/get-closest/-/get-closest-0.0.4.tgz#269ac776d1e6022aa0fd586dd708e8a7d32269af"

ieee754@1.1.8:
  version "1.1.8"
  resolved "https://registry.yarnpkg.com/ieee754/-/ieee754-1.1.8.tgz#be33d40ac10ef1926701f6f08a2d86fbfd1ad3e4"

ieee754@^1.1.4:
  version "1.1.12"
  resolved "https://registry.yarnpkg.com/ieee754/-/ieee754-1.1.12.tgz#50bf24e5b9c8bb98af4964c941cdb0918da7b60b"

isarray@^1.0.0:
  version "1.0.0"
  resolved "https://registry.yarnpkg.com/isarray/-/isarray-1.0.0.tgz#bb935d48582cba168c06834957a54a3e07124f11"

jmespath@0.15.0:
  version "0.15.0"
  resolved "https://registry.yarnpkg.com/jmespath/-/jmespath-0.15.0.tgz#a3f222a9aae9f966f5d27c796510e28091764217"

lodash@^4.0.0:
  version "4.17.10"
  resolved "https://registry.yarnpkg.com/lodash/-/lodash-4.17.10.tgz#1b7793cf7259ea38fb3661d4d38b3260af8ae4e7"

monotone-convex-hull-2d@^1.0.1:
  version "1.0.1"
  resolved "https://registry.yarnpkg.com/monotone-convex-hull-2d/-/monotone-convex-hull-2d-1.0.1.tgz#47f5daeadf3c4afd37764baa1aa8787a40eee08c"
  dependencies:
    robust-orientation "^1.1.3"

point-in-polygon@^1.0.1:
  version "1.0.1"
  resolved "https://registry.yarnpkg.com/point-in-polygon/-/point-in-polygon-1.0.1.tgz#d59b64e8fee41c49458aac82b56718c5957b2af7"

pretty-bytes@^5.1.0:
  version "5.1.0"
  resolved "https://registry.yarnpkg.com/pretty-bytes/-/pretty-bytes-5.1.0.tgz#6237ecfbdc6525beaef4de722cc60a58ae0e6c6d"

punycode@1.3.2:
  version "1.3.2"
  resolved "https://registry.yarnpkg.com/punycode/-/punycode-1.3.2.tgz#9653a036fb7c1ee42342f2325cceefea3926c48d"

querystring@0.2.0:
  version "0.2.0"
  resolved "https://registry.yarnpkg.com/querystring/-/querystring-0.2.0.tgz#b209849203bb25df820da756e747005878521620"

quickselect@^1.0.1:
  version "1.1.1"
  resolved "https://registry.yarnpkg.com/quickselect/-/quickselect-1.1.1.tgz#852e412ce418f237ad5b660d70cffac647ae94c2"

rbush@*, rbush@^2.0.1:
  version "2.0.2"
  resolved "https://registry.yarnpkg.com/rbush/-/rbush-2.0.2.tgz#bb6005c2731b7ba1d5a9a035772927d16a614605"
  dependencies:
    quickselect "^1.0.1"

robust-orientation@^1.1.3:
  version "1.1.3"
  resolved "https://registry.yarnpkg.com/robust-orientation/-/robust-orientation-1.1.3.tgz#daff5b00d3be4e60722f0e9c0156ef967f1c2049"
  dependencies:
    robust-scale "^1.0.2"
    robust-subtract "^1.0.0"
    robust-sum "^1.0.0"
    two-product "^1.0.2"

robust-scale@^1.0.2:
  version "1.0.2"
  resolved "https://registry.yarnpkg.com/robust-scale/-/robust-scale-1.0.2.tgz#775132ed09542d028e58b2cc79c06290bcf78c32"
  dependencies:
    two-product "^1.0.2"
    two-sum "^1.0.0"

robust-subtract@^1.0.0:
  version "1.0.0"
  resolved "https://registry.yarnpkg.com/robust-subtract/-/robust-subtract-1.0.0.tgz#e0b164e1ed8ba4e3a5dda45a12038348dbed3e9a"

robust-sum@^1.0.0:
  version "1.0.0"
  resolved "https://registry.yarnpkg.com/robust-sum/-/robust-sum-1.0.0.tgz#16646e525292b4d25d82757a286955e0bbfa53d9"

s3-bucket-toolkit@^0.0.10:
  version "0.0.10"
  resolved "https://registry.yarnpkg.com/s3-bucket-toolkit/-/s3-bucket-toolkit-0.0.10.tgz#beb9eb9077cda24f8d78c354e19c3cd8eba31341"
  dependencies:
    aws-sdk "^2.229.1"
    bluebird "^3.5.1"

sax@1.2.1:
  version "1.2.1"
  resolved "https://registry.yarnpkg.com/sax/-/sax-1.2.1.tgz#7b8e656190b228e81a66aea748480d828cd2d37a"

sax@>=0.6.0:
  version "1.2.4"
  resolved "https://registry.yarnpkg.com/sax/-/sax-1.2.4.tgz#2816234e2378bddc4e5354fab5caa895df7100d9"

tinyqueue@^1.1.0:
  version "1.2.3"
  resolved "https://registry.yarnpkg.com/tinyqueue/-/tinyqueue-1.2.3.tgz#b6a61de23060584da29f82362e45df1ec7353f3d"

turf-jsts@*:
  version "1.2.3"
  resolved "https://registry.yarnpkg.com/turf-jsts/-/turf-jsts-1.2.3.tgz#59757f542afbff9a577bbf411f183b8f48d38aa4"

two-product@^1.0.2:
  version "1.0.2"
  resolved "https://registry.yarnpkg.com/two-product/-/two-product-1.0.2.tgz#67d95d4b257a921e2cb4bd7af9511f9088522eaa"

two-sum@^1.0.0:
  version "1.0.0"
  resolved "https://registry.yarnpkg.com/two-sum/-/two-sum-1.0.0.tgz#31d3f32239e4f731eca9df9155e2b297f008ab64"

url@0.10.3:
  version "0.10.3"
  resolved "https://registry.yarnpkg.com/url/-/url-0.10.3.tgz#021e4d9c7705f21bbf37d03ceb58767402774c64"
  dependencies:
    punycode "1.3.2"
    querystring "0.2.0"

uuid@3.1.0:
  version "3.1.0"
  resolved "https://registry.yarnpkg.com/uuid/-/uuid-3.1.0.tgz#3dd3d3e790abc24d7b0d3a034ffababe28ebbc04"

xml2js@0.4.17:
  version "0.4.17"
  resolved "https://registry.yarnpkg.com/xml2js/-/xml2js-0.4.17.tgz#17be93eaae3f3b779359c795b419705a8817e868"
  dependencies:
    sax ">=0.6.0"
    xmlbuilder "^4.1.0"

xmlbuilder@^4.1.0:
  version "4.2.1"
  resolved "https://registry.yarnpkg.com/xmlbuilder/-/xmlbuilder-4.2.1.tgz#aa58a3041a066f90eaa16c2f5389ff19f3f461a5"
  dependencies:
    lodash "^4.0.0"
